
Microsoft Visual Studio Solution File, Format Version 12.00
# Visual Studio Version 16
VisualStudioVersion = 16.0.29306.81
MinimumVisualStudioVersion = 10.0.40219.1
Project("{9A19103F-16F7-4668-BE54-9A1E7A4F7556}") = "VL.Devices.AzureKinect.Body", "VL.Devices.AzureKinect.Body.csproj", "{EE9F815F-BD71-4123-B3DB-8C0C51CAB12A}"
EndProject
Global
	GlobalSection(SolutionConfigurationPlatforms) = preSolution
		Debug|x64 = Debug|x64
		Release|x64 = Release|x64
	EndGlobalSection
	GlobalSection(ProjectConfigurationPlatforms) = postSolution
		{EE9F815F-BD71-4123-B3DB-8C0C51CAB12A}.Debug|x64.ActiveCfg = Debug|x64
		{EE9F815F-BD71-4123-B3DB-8C0C51CAB12A}.Debug|x64.Build.0 = Debug|x64
		{EE9F815F-BD71-4123-B3DB-8C0C51CAB12A}.Release|x64.ActiveCfg = Release|x64
		{EE9F815F-BD71-4123-B3DB-8C0C51CAB12A}.Release|x64.Build.0 = Release|x64
	EndGlobalSection
	GlobalSection(SolutionProperties) = preSolution
		HideSolutionNode = FALSE
	EndGlobalSection
	GlobalSection(ExtensibilityGlobals) = postSolution
		SolutionGuid = {AA972968-EF16-491A-AFEF-9FD89E2C6ADB}
	EndGlobalSection
EndGlobal
